{
  "name": "slap-game-angular",
  "version": "0.0.0",
  "lockfileVersion": 1,
  "requires": true,
  "dependencies": {
    "@angular/animations": {
      "version": "8.2.1",
      "resolved": "https://registry.npmjs.org/@angular/animations/-/animations-8.2.1.tgz",
      "integrity": "sha512-+E2KWj798sgby1hnC2LmK380jCZ7JLcxs5X4pM+kwJzS4T8spPTBecHRqz19C2Ea4AOSou4S1Oxs/4CCmVnj2w==",
      "requires": {
        "tslib": "^1.9.0"
      }
    },
    "@angular/common": {
      "version": "8.2.1",
      "resolved": "https://registry.npmjs.org/@angular/common/-/common-8.2.1.tgz",
      "integrity": "sha512-CVewkkFswELDQ1qx2G7m2pj0IqDbSIY6O6wZtNvYCDrLXRVDwSXcQsjNP1pSWuD37dHT/nifimchfLiVuisPyg==",
      "requires": {
        "tslib": "^1.9.0"
      }
    },
    "@angular/compiler": {
      "version": "8.2.1",
      "resolved": "https://registry.npmjs.org/@angular/compiler/-/compiler-8.2.1.tgz",
      "integrity": "sha512-kOGNh0K4k7vEIMLlEyG1A+UxPOIMp2b3IT0vBq5isRjXxGzEnahyBYtXwGI7G6ox+OoNKy1OZOPaK473fcO8zg==",
      "requires": {
        "tslib": "^1.9.0"
      }
    },
    "@angular/core": {
      "version": "8.2.1",
      "resolved": "https://registry.npmjs.org/@angular/core/-/core-8.2.1.tgz",
      "integrity": "sha512-BMyLo/iOZ/eRR25CggWT3cexzfOnoey13NPeqYRtsO5dQUeVQPT1RH/bIWZ6yIPFSlBm6zUi/QqE1rjDautK5A==",
      "requires": {
        "tslib": "^1.9.0"
      }
    },
    "@angular/forms": {
      "version": "8.2.1",
      "resolved": "https://registry.npmjs.org/@angular/forms/-/forms-8.2.1.tgz",
      "integrity": "sha512-KcB652QBup+VWKDZICtpznr0a+v82oG0BowWetfkMgZAQj655uEMkkEtCTnfWnft4MLYlRr9ZoxQXc575TcZmA==",
      "requires": {
        "tslib": "^1.9.0"
      }
    },
    "@angular/platform-browser": {
      "version": "8.2.1",
      "resolved": "https://registry.npmjs.org/@angular/platform-browser/-/platform-browser-8.2.1.tgz",
      "integrity": "sha512-mzaXsHNTN3lBu3+H02GrRRu8Zo5R4GQiAb+MKdqiQMJ8hjnAmKJTYIVEbEnk/dJYbMZWvhxRGLmRIcntpYF38g==",
      "requires": {
        "tslib": "^1.9.0"
      }
    },
    "@angular/platform-browser-dynamic": {
      "version": "8.2.1",
      "resolved": "https://registry.npmjs.org/@angular/platform-browser-dynamic/-/platform-browser-dynamic-8.2.1.tgz",
      "integrity": "sha512-9tdpvEXFCgbMUeyVvIklyDPyg39cRN6MOrQihObAoBKOkcko9MKJIxDPCv8o/5FBrlBcu0VhREPK56aVD0g6UQ==",
      "requires": {
        "tslib": "^1.9.0"
      }
    },
    "@angular/router": {
      "version": "8.2.1",
      "resolved": "https://registry.npmjs.org/@angular/router/-/router-8.2.1.tgz",
      "integrity": "sha512-CIhwBmRoVaZmfvGjuUomiyWn7OdHqzKbHq0poI3jlNJZCmzuBicYFctjCeqG6L2BIN0eVuJUJNeQ0OrcicP52w==",
      "requires": {
        "tslib": "^1.9.0"
      }
    },
    "@ng-bootstrap/ng-bootstrap": {
      "version": "5.1.0",
      "resolved": "https://registry.npmjs.org/@ng-bootstrap/ng-bootstrap/-/ng-bootstrap-5.1.0.tgz",
      "integrity": "sha512-IYoKE1NMrIPbRV0077/uHOjdwPb3qyhHpbBXiMGjclkSm2GvKXNPIzgd3Vjon/lbKelHdAW4A/upUHN2VYUi3w==",
      "requires": {
        "tslib": "^1.9.0"
      }
    },
    "angular": {
      "version": "1.7.8",
      "resolved": "https://registry.npmjs.org/angular/-/angular-1.7.8.tgz",
      "integrity": "sha512-wtef/y4COxM7ZVhddd7JtAAhyYObq9YXKar9tsW7558BImeVYteJiTxCKeJOL45lJ/+7B4wrAC49j8gTFYEthg=="
    },
    "bootstrap": {
      "version": "4.3.1",
      "resolved": "https://registry.npmjs.org/bootstrap/-/bootstrap-4.3.1.tgz",
      "integrity": "sha512-rXqOmH1VilAt2DyPzluTi2blhk17bO7ef+zLLPlWvG494pDxcM234pJ8wTc/6R40UWizAIIMgxjvxZg5kmsbag=="
    },
    "rxjs": {
      "version": "6.5.2",
      "resolved": "https://registry.npmjs.org/rxjs/-/rxjs-6.5.2.tgz",
      "integrity": "sha512-HUb7j3kvb7p7eCUHE3FqjoDsC1xfZQ4AHFWfTKSpZ+sAhhz5X1WX0ZuUqWbzB2QhSLp3DoLUG+hMdEDKqWo2Zg==",
      "requires": {
        "tslib": "^1.9.0"
      }
    },
    "tslib": {
      "version": "1.10.0",
      "resolved": "https://registry.npmjs.org/tslib/-/tslib-1.10.0.tgz",
      "integrity": "sha512-qOebF53frne81cf0S9B41ByenJ3/IuH8yJKngAX35CmiZySA0khhkovshKK+jGCaMnVomla7gVlIcc3EvKPbTQ=="
    },
    "zone.js": {
      "version": "0.10.1",
      "resolved": "https://registry.npmjs.org/zone.js/-/zone.js-0.10.1.tgz",
      "integrity": "sha512-PNCeR7yTNse/C1sSv01OWTV6hEnlQP98w5OX7cmNM+7wLCISLukNIzfYoRjdsWTYE3t1PQkjtjGa/GYoeP8Caw=="
    }
  }
}
